
Microsoft Visual Studio Solution File, Format Version 12.00
# Visual Studio Version 16
VisualStudioVersion = 16.0.28809.33
MinimumVisualStudioVersion = 10.0.40219.1
Project("{9A19103F-16F7-4668-BE54-9A1E7A4F7556}") = "RealEstateSample", "RealEstateSample\RealEstateSample.csproj", "{C8CCC17A-EABA-45E0-BB88-396EAFE8B956}"
EndProject
Project("{C7167F0D-BC9F-4E6E-AFE1-012C56B48DB5}") = "RealEstateSample.Package", "RealEstateSample.Package\RealEstateSample.Package.wapproj", "{FA1E855D-5640-4EA5-A8FA-652BB71FC472}"
EndProject
Project("{FAE04EC0-301F-11D3-BF4B-00C04F79EFBC}") = "EngineComponent", "EngineComponent\EngineComponent.csproj", "{CCAFA728-74BF-4BFB-8F28-75210E828F7B}"
EndProject
Project("{FAE04EC0-301F-11D3-BF4B-00C04F79EFBC}") = "UWPHead", "UWPHead\UWPHead.csproj", "{D6299751-DF2B-4F2F-87DC-1B8E9DAB9D84}"
EndProject
Global
	GlobalSection(SolutionConfigurationPlatforms) = preSolution
		Debug|Any CPU = Debug|Any CPU
		Debug|ARM = Debug|ARM
		Debug|ARM64 = Debug|ARM64
		Debug|x64 = Debug|x64
		Debug|x86 = Debug|x86
		Release|Any CPU = Release|Any CPU
		Release|ARM = Release|ARM
		Release|ARM64 = Release|ARM64
		Release|x64 = Release|x64
		Release|x86 = Release|x86
	EndGlobalSection
	GlobalSection(ProjectConfigurationPlatforms) = postSolution
		{C8CCC17A-EABA-45E0-BB88-396EAFE8B956}.Debug|Any CPU.ActiveCfg = Debug|Any CPU
		{C8CCC17A-EABA-45E0-BB88-396EAFE8B956}.Debug|Any CPU.Build.0 = Debug|Any CPU
		{C8CCC17A-EABA-45E0-BB88-396EAFE8B956}.Debug|ARM.ActiveCfg = Debug|Any CPU
		{C8CCC17A-EABA-45E0-BB88-396EAFE8B956}.Debug|ARM.Build.0 = Debug|Any CPU
		{C8CCC17A-EABA-45E0-BB88-396EAFE8B956}.Debug|ARM64.ActiveCfg = Debug|Any CPU
		{C8CCC17A-EABA-45E0-BB88-396EAFE8B956}.Debug|ARM64.Build.0 = Debug|Any CPU
		{C8CCC17A-EABA-45E0-BB88-396EAFE8B956}.Debug|x64.ActiveCfg = Debug|Any CPU
		{C8CCC17A-EABA-45E0-BB88-396EAFE8B956}.Debug|x64.Build.0 = Debug|Any CPU
		{C8CCC17A-EABA-45E0-BB88-396EAFE8B956}.Debug|x86.ActiveCfg = Debug|Any CPU
		{C8CCC17A-EABA-45E0-BB88-396EAFE8B956}.Debug|x86.Build.0 = Debug|Any CPU
		{C8CCC17A-EABA-45E0-BB88-396EAFE8B956}.Release|Any CPU.ActiveCfg = Release|Any CPU
		{C8CCC17A-EABA-45E0-BB88-396EAFE8B956}.Release|Any CPU.Build.0 = Release|Any CPU
		{C8CCC17A-EABA-45E0-BB88-396EAFE8B956}.Release|ARM.ActiveCfg = Release|Any CPU
		{C8CCC17A-EABA-45E0-BB88-396EAFE8B956}.Release|ARM.Build.0 = Release|Any CPU
		{C8CCC17A-EABA-45E0-BB88-396EAFE8B956}.Release|ARM64.ActiveCfg = Release|Any CPU
		{C8CCC17A-EABA-45E0-BB88-396EAFE8B956}.Release|ARM64.Build.0 = Release|Any CPU
		{C8CCC17A-EABA-45E0-BB88-396EAFE8B956}.Release|x64.ActiveCfg = Release|Any CPU
		{C8CCC17A-EABA-45E0-BB88-396EAFE8B956}.Release|x64.Build.0 = Release|Any CPU
		{C8CCC17A-EABA-45E0-BB88-396EAFE8B956}.Release|x86.ActiveCfg = Release|Any CPU
		{C8CCC17A-EABA-45E0-BB88-396EAFE8B956}.Release|x86.Build.0 = Release|Any CPU
		{FA1E855D-5640-4EA5-A8FA-652BB71FC472}.Debug|Any CPU.ActiveCfg = Debug|Any CPU
		{FA1E855D-5640-4EA5-A8FA-652BB71FC472}.Debug|Any CPU.Build.0 = Debug|Any CPU
		{FA1E855D-5640-4EA5-A8FA-652BB71FC472}.Debug|Any CPU.Deploy.0 = Debug|Any CPU
		{FA1E855D-5640-4EA5-A8FA-652BB71FC472}.Debug|ARM.ActiveCfg = Debug|ARM
		{FA1E855D-5640-4EA5-A8FA-652BB71FC472}.Debug|ARM.Build.0 = Debug|ARM
		{FA1E855D-5640-4EA5-A8FA-652BB71FC472}.Debug|ARM.Deploy.0 = Debug|ARM
		{FA1E855D-5640-4EA5-A8FA-652BB71FC472}.Debug|ARM64.ActiveCfg = Debug|ARM64
		{FA1E855D-5640-4EA5-A8FA-652BB71FC472}.Debug|ARM64.Build.0 = Debug|ARM64
		{FA1E855D-5640-4EA5-A8FA-652BB71FC472}.Debug|ARM64.Deploy.0 = Debug|ARM64
		{FA1E855D-5640-4EA5-A8FA-652BB71FC472}.Debug|x64.ActiveCfg = Debug|x64
		{FA1E855D-5640-4EA5-A8FA-652BB71FC472}.Debug|x64.Build.0 = Debug|x64
		{FA1E855D-5640-4EA5-A8FA-652BB71FC472}.Debug|x64.Deploy.0 = Debug|x64
		{FA1E855D-5640-4EA5-A8FA-652BB71FC472}.Debug|x86.ActiveCfg = Debug|x86
		{FA1E855D-5640-4EA5-A8FA-652BB71FC472}.Debug|x86.Build.0 = Debug|x86
		{FA1E855D-5640-4EA5-A8FA-652BB71FC472}.Debug|x86.Deploy.0 = Debug|x86
		{FA1E855D-5640-4EA5-A8FA-652BB71FC472}.Release|Any CPU.ActiveCfg = Release|Any CPU
		{FA1E855D-5640-4EA5-A8FA-652BB71FC472}.Release|Any CPU.Build.0 = Release|Any CPU
		{FA1E855D-5640-4EA5-A8FA-652BB71FC472}.Release|Any CPU.Deploy.0 = Release|Any CPU
		{FA1E855D-5640-4EA5-A8FA-652BB71FC472}.Release|ARM.ActiveCfg = Release|ARM
		{FA1E855D-5640-4EA5-A8FA-652BB71FC472}.Release|ARM.Build.0 = Release|ARM
		{FA1E855D-5640-4EA5-A8FA-652BB71FC472}.Release|ARM.Deploy.0 = Release|ARM
		{FA1E855D-5640-4EA5-A8FA-652BB71FC472}.Release|ARM64.ActiveCfg = Release|ARM64
		{FA1E855D-5640-4EA5-A8FA-652BB71FC472}.Release|ARM64.Build.0 = Release|ARM64
		{FA1E855D-5640-4EA5-A8FA-652BB71FC472}.Release|ARM64.Deploy.0 = Release|ARM64
		{FA1E855D-5640-4EA5-A8FA-652BB71FC472}.Release|x64.ActiveCfg = Release|x64
		{FA1E855D-5640-4EA5-A8FA-652BB71FC472}.Release|x64.Build.0 = Release|x64
		{FA1E855D-5640-4EA5-A8FA-652BB71FC472}.Release|x64.Deploy.0 = Release|x64
		{FA1E855D-5640-4EA5-A8FA-652BB71FC472}.Release|x86.ActiveCfg = Release|x86
		{FA1E855D-5640-4EA5-A8FA-652BB71FC472}.Release|x86.Build.0 = Release|x86
		{FA1E855D-5640-4EA5-A8FA-652BB71FC472}.Release|x86.Deploy.0 = Release|x86
		{CCAFA728-74BF-4BFB-8F28-75210E828F7B}.Debug|Any CPU.ActiveCfg = Debug|Any CPU
		{CCAFA728-74BF-4BFB-8F28-75210E828F7B}.Debug|Any CPU.Build.0 = Debug|Any CPU
		{CCAFA728-74BF-4BFB-8F28-75210E828F7B}.Debug|ARM.ActiveCfg = Debug|ARM
		{CCAFA728-74BF-4BFB-8F28-75210E828F7B}.Debug|ARM.Build.0 = Debug|ARM
		{CCAFA728-74BF-4BFB-8F28-75210E828F7B}.Debug|ARM64.ActiveCfg = Debug|ARM64
		{CCAFA728-74BF-4BFB-8F28-75210E828F7B}.Debug|ARM64.Build.0 = Debug|ARM64
		{CCAFA728-74BF-4BFB-8F28-75210E828F7B}.Debug|x64.ActiveCfg = Debug|x64
		{CCAFA728-74BF-4BFB-8F28-75210E828F7B}.Debug|x64.Build.0 = Debug|x64
		{CCAFA728-74BF-4BFB-8F28-75210E828F7B}.Debug|x86.ActiveCfg = Debug|x86
		{CCAFA728-74BF-4BFB-8F28-75210E828F7B}.Debug|x86.Build.0 = Debug|x86
		{CCAFA728-74BF-4BFB-8F28-75210E828F7B}.Release|Any CPU.ActiveCfg = Release|Any CPU
		{CCAFA728-74BF-4BFB-8F28-75210E828F7B}.Release|Any CPU.Build.0 = Release|Any CPU
		{CCAFA728-74BF-4BFB-8F28-75210E828F7B}.Release|ARM.ActiveCfg = Release|ARM
		{CCAFA728-74BF-4BFB-8F28-75210E828F7B}.Release|ARM.Build.0 = Release|ARM
		{CCAFA728-74BF-4BFB-8F28-75210E828F7B}.Release|ARM64.ActiveCfg = Release|ARM64
		{CCAFA728-74BF-4BFB-8F28-75210E828F7B}.Release|ARM64.Build.0 = Release|ARM64
		{CCAFA728-74BF-4BFB-8F28-75210E828F7B}.Release|x64.ActiveCfg = Release|x64
		{CCAFA728-74BF-4BFB-8F28-75210E828F7B}.Release|x64.Build.0 = Release|x64
		{CCAFA728-74BF-4BFB-8F28-75210E828F7B}.Release|x86.ActiveCfg = Release|x86
		{CCAFA728-74BF-4BFB-8F28-75210E828F7B}.Release|x86.Build.0 = Release|x86
		{D6299751-DF2B-4F2F-87DC-1B8E9DAB9D84}.Debug|Any CPU.ActiveCfg = Debug|x86
		{D6299751-DF2B-4F2F-87DC-1B8E9DAB9D84}.Debug|ARM.ActiveCfg = Debug|ARM
		{D6299751-DF2B-4F2F-87DC-1B8E9DAB9D84}.Debug|ARM.Build.0 = Debug|ARM
		{D6299751-DF2B-4F2F-87DC-1B8E9DAB9D84}.Debug|ARM.Deploy.0 = Debug|ARM
		{D6299751-DF2B-4F2F-87DC-1B8E9DAB9D84}.Debug|ARM64.ActiveCfg = Debug|ARM64
		{D6299751-DF2B-4F2F-87DC-1B8E9DAB9D84}.Debug|ARM64.Build.0 = Debug|ARM64
		{D6299751-DF2B-4F2F-87DC-1B8E9DAB9D84}.Debug|ARM64.Deploy.0 = Debug|ARM64
		{D6299751-DF2B-4F2F-87DC-1B8E9DAB9D84}.Debug|x64.ActiveCfg = Debug|x64
		{D6299751-DF2B-4F2F-87DC-1B8E9DAB9D84}.Debug|x64.Build.0 = Debug|x64
		{D6299751-DF2B-4F2F-87DC-1B8E9DAB9D84}.Debug|x64.Deploy.0 = Debug|x64
		{D6299751-DF2B-4F2F-87DC-1B8E9DAB9D84}.Debug|x86.ActiveCfg = Debug|x86
		{D6299751-DF2B-4F2F-87DC-1B8E9DAB9D84}.Debug|x86.Build.0 = Debug|x86
		{D6299751-DF2B-4F2F-87DC-1B8E9DAB9D84}.Debug|x86.Deploy.0 = Debug|x86
		{D6299751-DF2B-4F2F-87DC-1B8E9DAB9D84}.Release|Any CPU.ActiveCfg = Release|x86
		{D6299751-DF2B-4F2F-87DC-1B8E9DAB9D84}.Release|ARM.ActiveCfg = Release|ARM
		{D6299751-DF2B-4F2F-87DC-1B8E9DAB9D84}.Release|ARM.Build.0 = Release|ARM
		{D6299751-DF2B-4F2F-87DC-1B8E9DAB9D84}.Release|ARM.Deploy.0 = Release|ARM
		{D6299751-DF2B-4F2F-87DC-1B8E9DAB9D84}.Release|ARM64.ActiveCfg = Release|ARM64
		{D6299751-DF2B-4F2F-87DC-1B8E9DAB9D84}.Release|ARM64.Build.0 = Release|ARM64
		{D6299751-DF2B-4F2F-87DC-1B8E9DAB9D84}.Release|ARM64.Deploy.0 = Release|ARM64
		{D6299751-DF2B-4F2F-87DC-1B8E9DAB9D84}.Release|x64.ActiveCfg = Release|x64
		{D6299751-DF2B-4F2F-87DC-1B8E9DAB9D84}.Release|x64.Build.0 = Release|x64
		{D6299751-DF2B-4F2F-87DC-1B8E9DAB9D84}.Release|x64.Deploy.0 = Release|x64
		{D6299751-DF2B-4F2F-87DC-1B8E9DAB9D84}.Release|x86.ActiveCfg = Release|x86
		{D6299751-DF2B-4F2F-87DC-1B8E9DAB9D84}.Release|x86.Build.0 = Release|x86
		{D6299751-DF2B-4F2F-87DC-1B8E9DAB9D84}.Release|x86.Deploy.0 = Release|x86
	EndGlobalSection
	GlobalSection(SolutionProperties) = preSolution
		HideSolutionNode = FALSE
	EndGlobalSection
	GlobalSection(ExtensibilityGlobals) = postSolution
		SolutionGuid = {70B76C6E-298B-422A-895A-FBED340988C5}
	EndGlobalSection
EndGlobal
